{
  "name": "streetmap",
  "version": "1.0.0",
  "lockfileVersion": 1,
  "requires": true,
  "dependencies": {
    "knockout": {
      "version": "3.5.0-beta",
      "resolved": "http://registry.npm.taobao.org/knockout/download/knockout-3.5.0-beta.tgz",
      "integrity": "sha1-CpCvQo9rXfu6c/5Xvh3Hi7OBJ1g="
    }
  }
}
